# generated by rye
# use `rye lock` or `rye sync` to update this lockfile
#
# last locked with the following flags:
#   pre: false
#   features: []
#   all-features: false
#   with-sources: false
#   generate-hashes: false
#   universal: true

attrs==24.2.0
blinker==1.8.2
orjson==3.10.7
peewee==3.17.6
pluggy==1.5.0
pycocoa==23.12.28 ; platform_system == 'Darwin'
    # via pysidesix-frameless-window
pyobjc==10.3.1 ; platform_system == 'Darwin'
    # via pysidesix-frameless-window
pyobjc-core==10.3.1 ; platform_system == 'Darwin'
    # via pyobjc
    # via pyobjc-framework-accessibility
    # via pyobjc-framework-accounts
    # via pyobjc-framework-addressbook
    # via pyobjc-framework-adservices
    # via pyobjc-framework-adsupport
    # via pyobjc-framework-applescriptkit
    # via pyobjc-framework-applescriptobjc
    # via pyobjc-framework-applicationservices
    # via pyobjc-framework-apptrackingtransparency
    # via pyobjc-framework-audiovideobridging
    # via pyobjc-framework-authenticationservices
    # via pyobjc-framework-automaticassessmentconfiguration
    # via pyobjc-framework-automator
    # via pyobjc-framework-avfoundation
    # via pyobjc-framework-avkit
    # via pyobjc-framework-avrouting
    # via pyobjc-framework-backgroundassets
    # via pyobjc-framework-browserenginekit
    # via pyobjc-framework-businesschat
    # via pyobjc-framework-calendarstore
    # via pyobjc-framework-callkit
    # via pyobjc-framework-cfnetwork
    # via pyobjc-framework-cinematic
    # via pyobjc-framework-classkit
    # via pyobjc-framework-cloudkit
    # via pyobjc-framework-cocoa
    # via pyobjc-framework-collaboration
    # via pyobjc-framework-colorsync
    # via pyobjc-framework-contacts
    # via pyobjc-framework-contactsui
    # via pyobjc-framework-coreaudio
    # via pyobjc-framework-coreaudiokit
    # via pyobjc-framework-corebluetooth
    # via pyobjc-framework-coredata
    # via pyobjc-framework-corehaptics
    # via pyobjc-framework-corelocation
    # via pyobjc-framework-coremedia
    # via pyobjc-framework-coremediaio
    # via pyobjc-framework-coremidi
    # via pyobjc-framework-coreml
    # via pyobjc-framework-coremotion
    # via pyobjc-framework-coreservices
    # via pyobjc-framework-corespotlight
    # via pyobjc-framework-coretext
    # via pyobjc-framework-corewlan
    # via pyobjc-framework-cryptotokenkit
    # via pyobjc-framework-datadetection
    # via pyobjc-framework-devicecheck
    # via pyobjc-framework-dictionaryservices
    # via pyobjc-framework-discrecording
    # via pyobjc-framework-discrecordingui
    # via pyobjc-framework-diskarbitration
    # via pyobjc-framework-dvdplayback
    # via pyobjc-framework-eventkit
    # via pyobjc-framework-exceptionhandling
    # via pyobjc-framework-executionpolicy
    # via pyobjc-framework-extensionkit
    # via pyobjc-framework-externalaccessory
    # via pyobjc-framework-fileprovider
    # via pyobjc-framework-fileproviderui
    # via pyobjc-framework-findersync
    # via pyobjc-framework-fsevents
    # via pyobjc-framework-gamecenter
    # via pyobjc-framework-gamecontroller
    # via pyobjc-framework-gamekit
    # via pyobjc-framework-gameplaykit
    # via pyobjc-framework-healthkit
    # via pyobjc-framework-imagecapturecore
    # via pyobjc-framework-inputmethodkit
    # via pyobjc-framework-installerplugins
    # via pyobjc-framework-instantmessage
    # via pyobjc-framework-intents
    # via pyobjc-framework-intentsui
    # via pyobjc-framework-iobluetooth
    # via pyobjc-framework-iobluetoothui
    # via pyobjc-framework-iosurface
    # via pyobjc-framework-ituneslibrary
    # via pyobjc-framework-kernelmanagement
    # via pyobjc-framework-latentsemanticmapping
    # via pyobjc-framework-launchservices
    # via pyobjc-framework-libdispatch
    # via pyobjc-framework-libxpc
    # via pyobjc-framework-linkpresentation
    # via pyobjc-framework-localauthentication
    # via pyobjc-framework-localauthenticationembeddedui
    # via pyobjc-framework-mailkit
    # via pyobjc-framework-mapkit
    # via pyobjc-framework-mediaaccessibility
    # via pyobjc-framework-medialibrary
    # via pyobjc-framework-mediaplayer
    # via pyobjc-framework-mediatoolbox
    # via pyobjc-framework-metal
    # via pyobjc-framework-metalfx
    # via pyobjc-framework-metalkit
    # via pyobjc-framework-metalperformanceshaders
    # via pyobjc-framework-metalperformanceshadersgraph
    # via pyobjc-framework-metrickit
    # via pyobjc-framework-mlcompute
    # via pyobjc-framework-modelio
    # via pyobjc-framework-multipeerconnectivity
    # via pyobjc-framework-naturallanguage
    # via pyobjc-framework-netfs
    # via pyobjc-framework-network
    # via pyobjc-framework-networkextension
    # via pyobjc-framework-notificationcenter
    # via pyobjc-framework-opendirectory
    # via pyobjc-framework-osakit
    # via pyobjc-framework-oslog
    # via pyobjc-framework-passkit
    # via pyobjc-framework-pencilkit
    # via pyobjc-framework-phase
    # via pyobjc-framework-photos
    # via pyobjc-framework-photosui
    # via pyobjc-framework-preferencepanes
    # via pyobjc-framework-pushkit
    # via pyobjc-framework-quartz
    # via pyobjc-framework-quicklookthumbnailing
    # via pyobjc-framework-replaykit
    # via pyobjc-framework-safariservices
    # via pyobjc-framework-safetykit
    # via pyobjc-framework-scenekit
    # via pyobjc-framework-screencapturekit
    # via pyobjc-framework-screensaver
    # via pyobjc-framework-screentime
    # via pyobjc-framework-scriptingbridge
    # via pyobjc-framework-searchkit
    # via pyobjc-framework-security
    # via pyobjc-framework-securityfoundation
    # via pyobjc-framework-securityinterface
    # via pyobjc-framework-sensitivecontentanalysis
    # via pyobjc-framework-servicemanagement
    # via pyobjc-framework-sharedwithyou
    # via pyobjc-framework-sharedwithyoucore
    # via pyobjc-framework-shazamkit
    # via pyobjc-framework-social
    # via pyobjc-framework-soundanalysis
    # via pyobjc-framework-speech
    # via pyobjc-framework-spritekit
    # via pyobjc-framework-storekit
    # via pyobjc-framework-symbols
    # via pyobjc-framework-syncservices
    # via pyobjc-framework-systemconfiguration
    # via pyobjc-framework-systemextensions
    # via pyobjc-framework-threadnetwork
    # via pyobjc-framework-uniformtypeidentifiers
    # via pyobjc-framework-usernotifications
    # via pyobjc-framework-usernotificationsui
    # via pyobjc-framework-videosubscriberaccount
    # via pyobjc-framework-videotoolbox
    # via pyobjc-framework-virtualization
    # via pyobjc-framework-vision
    # via pyobjc-framework-webkit
pyobjc-framework-accessibility==10.3.1 ; platform_release >= '20.0' and platform_system == 'Darwin'
    # via pyobjc
pyobjc-framework-accounts==10.3.1 ; platform_release >= '12.0' and platform_system == 'Darwin'
    # via pyobjc
    # via pyobjc-framework-cloudkit
pyobjc-framework-addressbook==10.3.1 ; platform_system == 'Darwin'
    # via pyobjc
pyobjc-framework-adservices==10.3.1 ; platform_release >= '20.0' and platform_system == 'Darwin'
    # via pyobjc
pyobjc-framework-adsupport==10.3.1 ; platform_release >= '18.0' and platform_system == 'Darwin'
    # via pyobjc
pyobjc-framework-applescriptkit==10.3.1 ; platform_system == 'Darwin'
    # via pyobjc
pyobjc-framework-applescriptobjc==10.3.1 ; platform_release >= '10.0' and platform_system == 'Darwin'
    # via pyobjc
pyobjc-framework-applicationservices==10.3.1 ; platform_system == 'Darwin'
    # via pyobjc
pyobjc-framework-apptrackingtransparency==10.3.1 ; platform_release >= '20.0' and platform_system == 'Darwin'
    # via pyobjc
pyobjc-framework-audiovideobridging==10.3.1 ; platform_release >= '12.0' and platform_system == 'Darwin'
    # via pyobjc
pyobjc-framework-authenticationservices==10.3.1 ; platform_release >= '19.0' and platform_system == 'Darwin'
    # via pyobjc
pyobjc-framework-automaticassessmentconfiguration==10.3.1 ; platform_release >= '19.0' and platform_system == 'Darwin'
    # via pyobjc
pyobjc-framework-automator==10.3.1 ; platform_system == 'Darwin'
    # via pyobjc
pyobjc-framework-avfoundation==10.3.1 ; platform_release >= '11.0' and platform_system == 'Darwin'
    # via pyobjc
    # via pyobjc-framework-cinematic
    # via pyobjc-framework-mediaplayer
    # via pyobjc-framework-phase
pyobjc-framework-avkit==10.3.1 ; platform_release >= '13.0' and platform_system == 'Darwin'
    # via pyobjc
pyobjc-framework-avrouting==10.3.1 ; platform_release >= '22.0' and platform_system == 'Darwin'
    # via pyobjc
pyobjc-framework-backgroundassets==10.3.1 ; platform_release >= '22.0' and platform_system == 'Darwin'
    # via pyobjc
pyobjc-framework-browserenginekit==10.3.1 ; platform_release >= '23.4' and platform_system == 'Darwin'
    # via pyobjc
pyobjc-framework-businesschat==10.3.1 ; platform_release >= '18.0' and platform_system == 'Darwin'
    # via pyobjc
pyobjc-framework-calendarstore==10.3.1 ; platform_release >= '9.0' and platform_system == 'Darwin'
    # via pyobjc
pyobjc-framework-callkit==10.3.1 ; platform_release >= '20.0' and platform_system == 'Darwin'
    # via pyobjc
pyobjc-framework-cfnetwork==10.3.1 ; platform_system == 'Darwin'
    # via pyobjc
pyobjc-framework-cinematic==10.3.1 ; platform_release >= '23.0' and platform_system == 'Darwin'
    # via pyobjc
pyobjc-framework-classkit==10.3.1 ; platform_release >= '20.0' and platform_system == 'Darwin'
    # via pyobjc
pyobjc-framework-cloudkit==10.3.1 ; platform_release >= '14.0' and platform_system == 'Darwin'
    # via pyobjc
pyobjc-framework-cocoa==10.3.1 ; platform_system == 'Darwin'
    # via pyobjc
    # via pyobjc-framework-accessibility
    # via pyobjc-framework-accounts
    # via pyobjc-framework-addressbook
    # via pyobjc-framework-adservices
    # via pyobjc-framework-adsupport
    # via pyobjc-framework-applescriptkit
    # via pyobjc-framework-applescriptobjc
    # via pyobjc-framework-applicationservices
    # via pyobjc-framework-apptrackingtransparency
    # via pyobjc-framework-audiovideobridging
    # via pyobjc-framework-authenticationservices
    # via pyobjc-framework-automaticassessmentconfiguration
    # via pyobjc-framework-automator
    # via pyobjc-framework-avfoundation
    # via pyobjc-framework-avkit
    # via pyobjc-framework-avrouting
    # via pyobjc-framework-backgroundassets
    # via pyobjc-framework-browserenginekit
    # via pyobjc-framework-businesschat
    # via pyobjc-framework-calendarstore
    # via pyobjc-framework-callkit
    # via pyobjc-framework-cfnetwork
    # via pyobjc-framework-cinematic
    # via pyobjc-framework-classkit
    # via pyobjc-framework-cloudkit
    # via pyobjc-framework-collaboration
    # via pyobjc-framework-colorsync
    # via pyobjc-framework-contacts
    # via pyobjc-framework-contactsui
    # via pyobjc-framework-coreaudio
    # via pyobjc-framework-coreaudiokit
    # via pyobjc-framework-corebluetooth
    # via pyobjc-framework-coredata
    # via pyobjc-framework-corehaptics
    # via pyobjc-framework-corelocation
    # via pyobjc-framework-coremedia
    # via pyobjc-framework-coremediaio
    # via pyobjc-framework-coremidi
    # via pyobjc-framework-coreml
    # via pyobjc-framework-coremotion
    # via pyobjc-framework-coreservices
    # via pyobjc-framework-corespotlight
    # via pyobjc-framework-coretext
    # via pyobjc-framework-corewlan
    # via pyobjc-framework-cryptotokenkit
    # via pyobjc-framework-datadetection
    # via pyobjc-framework-devicecheck
    # via pyobjc-framework-discrecording
    # via pyobjc-framework-discrecordingui
    # via pyobjc-framework-diskarbitration
    # via pyobjc-framework-dvdplayback
    # via pyobjc-framework-eventkit
    # via pyobjc-framework-exceptionhandling
    # via pyobjc-framework-executionpolicy
    # via pyobjc-framework-extensionkit
    # via pyobjc-framework-externalaccessory
    # via pyobjc-framework-fileprovider
    # via pyobjc-framework-findersync
    # via pyobjc-framework-fsevents
    # via pyobjc-framework-gamecenter
    # via pyobjc-framework-gamecontroller
    # via pyobjc-framework-gamekit
    # via pyobjc-framework-gameplaykit
    # via pyobjc-framework-healthkit
    # via pyobjc-framework-imagecapturecore
    # via pyobjc-framework-inputmethodkit
    # via pyobjc-framework-installerplugins
    # via pyobjc-framework-instantmessage
    # via pyobjc-framework-intents
    # via pyobjc-framework-iobluetooth
    # via pyobjc-framework-iosurface
    # via pyobjc-framework-ituneslibrary
    # via pyobjc-framework-kernelmanagement
    # via pyobjc-framework-latentsemanticmapping
    # via pyobjc-framework-libdispatch
    # via pyobjc-framework-libxpc
    # via pyobjc-framework-linkpresentation
    # via pyobjc-framework-localauthentication
    # via pyobjc-framework-localauthenticationembeddedui
    # via pyobjc-framework-mailkit
    # via pyobjc-framework-mapkit
    # via pyobjc-framework-mediaaccessibility
    # via pyobjc-framework-medialibrary
    # via pyobjc-framework-mediatoolbox
    # via pyobjc-framework-metal
    # via pyobjc-framework-metalkit
    # via pyobjc-framework-metrickit
    # via pyobjc-framework-mlcompute
    # via pyobjc-framework-modelio
    # via pyobjc-framework-multipeerconnectivity
    # via pyobjc-framework-naturallanguage
    # via pyobjc-framework-netfs
    # via pyobjc-framework-network
    # via pyobjc-framework-networkextension
    # via pyobjc-framework-notificationcenter
    # via pyobjc-framework-opendirectory
    # via pyobjc-framework-osakit
    # via pyobjc-framework-oslog
    # via pyobjc-framework-passkit
    # via pyobjc-framework-pencilkit
    # via pyobjc-framework-photos
    # via pyobjc-framework-photosui
    # via pyobjc-framework-preferencepanes
    # via pyobjc-framework-pushkit
    # via pyobjc-framework-quartz
    # via pyobjc-framework-quicklookthumbnailing
    # via pyobjc-framework-replaykit
    # via pyobjc-framework-safariservices
    # via pyobjc-framework-safetykit
    # via pyobjc-framework-scenekit
    # via pyobjc-framework-screencapturekit
    # via pyobjc-framework-screensaver
    # via pyobjc-framework-screentime
    # via pyobjc-framework-scriptingbridge
    # via pyobjc-framework-security
    # via pyobjc-framework-securityfoundation
    # via pyobjc-framework-securityinterface
    # via pyobjc-framework-sensitivecontentanalysis
    # via pyobjc-framework-servicemanagement
    # via pyobjc-framework-sharedwithyoucore
    # via pyobjc-framework-shazamkit
    # via pyobjc-framework-social
    # via pyobjc-framework-soundanalysis
    # via pyobjc-framework-speech
    # via pyobjc-framework-spritekit
    # via pyobjc-framework-storekit
    # via pyobjc-framework-symbols
    # via pyobjc-framework-syncservices
    # via pyobjc-framework-systemconfiguration
    # via pyobjc-framework-systemextensions
    # via pyobjc-framework-threadnetwork
    # via pyobjc-framework-uniformtypeidentifiers
    # via pyobjc-framework-usernotifications
    # via pyobjc-framework-usernotificationsui
    # via pyobjc-framework-videosubscriberaccount
    # via pyobjc-framework-videotoolbox
    # via pyobjc-framework-virtualization
    # via pyobjc-framework-vision
    # via pyobjc-framework-webkit
pyobjc-framework-collaboration==10.3.1 ; platform_release >= '9.0' and platform_system == 'Darwin'
    # via pyobjc
pyobjc-framework-colorsync==10.3.1 ; platform_release >= '17.0' and platform_system == 'Darwin'
    # via pyobjc
pyobjc-framework-contacts==10.3.1 ; platform_release >= '15.0' and platform_system == 'Darwin'
    # via pyobjc
    # via pyobjc-framework-contactsui
pyobjc-framework-contactsui==10.3.1 ; platform_release >= '15.0' and platform_system == 'Darwin'
    # via pyobjc
pyobjc-framework-coreaudio==10.3.1 ; platform_system == 'Darwin'
    # via pyobjc
    # via pyobjc-framework-avfoundation
    # via pyobjc-framework-browserenginekit
    # via pyobjc-framework-coreaudiokit
pyobjc-framework-coreaudiokit==10.3.1 ; platform_system == 'Darwin'
    # via pyobjc
pyobjc-framework-corebluetooth==10.3.1 ; platform_release >= '14.0' and platform_system == 'Darwin'
    # via pyobjc
pyobjc-framework-coredata==10.3.1 ; platform_system == 'Darwin'
    # via pyobjc
    # via pyobjc-framework-cloudkit
    # via pyobjc-framework-syncservices
pyobjc-framework-corehaptics==10.3.1 ; platform_release >= '19.0' and platform_system == 'Darwin'
    # via pyobjc
pyobjc-framework-corelocation==10.3.1 ; platform_release >= '10.0' and platform_system == 'Darwin'
    # via pyobjc
    # via pyobjc-framework-cloudkit
    # via pyobjc-framework-mapkit
pyobjc-framework-coremedia==10.3.1 ; platform_release >= '11.0' and platform_system == 'Darwin'
    # via pyobjc
    # via pyobjc-framework-avfoundation
    # via pyobjc-framework-browserenginekit
    # via pyobjc-framework-cinematic
    # via pyobjc-framework-oslog
    # via pyobjc-framework-screencapturekit
    # via pyobjc-framework-videotoolbox
pyobjc-framework-coremediaio==10.3.1 ; platform_release >= '11.0' and platform_system == 'Darwin'
    # via pyobjc
pyobjc-framework-coremidi==10.3.1 ; platform_system == 'Darwin'
    # via pyobjc
pyobjc-framework-coreml==10.3.1 ; platform_release >= '17.0' and platform_system == 'Darwin'
    # via pyobjc
    # via pyobjc-framework-vision
pyobjc-framework-coremotion==10.3.1 ; platform_release >= '19.0' and platform_system == 'Darwin'
    # via pyobjc
pyobjc-framework-coreservices==10.3.1 ; platform_system == 'Darwin'
    # via pyobjc
    # via pyobjc-framework-dictionaryservices
    # via pyobjc-framework-launchservices
    # via pyobjc-framework-searchkit
pyobjc-framework-corespotlight==10.3.1 ; platform_release >= '17.0' and platform_system == 'Darwin'
    # via pyobjc
pyobjc-framework-coretext==10.3.1 ; platform_system == 'Darwin'
    # via pyobjc
    # via pyobjc-framework-applicationservices
pyobjc-framework-corewlan==10.3.1 ; platform_release >= '10.0' and platform_system == 'Darwin'
    # via pyobjc
pyobjc-framework-cryptotokenkit==10.3.1 ; platform_release >= '14.0' and platform_system == 'Darwin'
    # via pyobjc
pyobjc-framework-datadetection==10.3.1 ; platform_release >= '21.0' and platform_system == 'Darwin'
    # via pyobjc
pyobjc-framework-devicecheck==10.3.1 ; platform_release >= '19.0' and platform_system == 'Darwin'
    # via pyobjc
pyobjc-framework-dictionaryservices==10.3.1 ; platform_release >= '9.0' and platform_system == 'Darwin'
    # via pyobjc
pyobjc-framework-discrecording==10.3.1 ; platform_system == 'Darwin'
    # via pyobjc
    # via pyobjc-framework-discrecordingui
pyobjc-framework-discrecordingui==10.3.1 ; platform_system == 'Darwin'
    # via pyobjc
pyobjc-framework-diskarbitration==10.3.1 ; platform_system == 'Darwin'
    # via pyobjc
pyobjc-framework-dvdplayback==10.3.1 ; platform_system == 'Darwin'
    # via pyobjc
pyobjc-framework-eventkit==10.3.1 ; platform_release >= '12.0' and platform_system == 'Darwin'
    # via pyobjc
pyobjc-framework-exceptionhandling==10.3.1 ; platform_system == 'Darwin'
    # via pyobjc
pyobjc-framework-executionpolicy==10.3.1 ; platform_release >= '19.0' and platform_system == 'Darwin'
    # via pyobjc
pyobjc-framework-extensionkit==10.3.1 ; platform_release >= '22.0' and platform_system == 'Darwin'
    # via pyobjc
pyobjc-framework-externalaccessory==10.3.1 ; platform_release >= '17.0' and platform_system == 'Darwin'
    # via pyobjc
pyobjc-framework-fileprovider==10.3.1 ; platform_release >= '19.0' and platform_system == 'Darwin'
    # via pyobjc
    # via pyobjc-framework-fileproviderui
pyobjc-framework-fileproviderui==10.3.1 ; platform_release >= '19.0' and platform_system == 'Darwin'
    # via pyobjc
pyobjc-framework-findersync==10.3.1 ; platform_release >= '14.0' and platform_system == 'Darwin'
    # via pyobjc
pyobjc-framework-fsevents==10.3.1 ; platform_system == 'Darwin'
    # via pyobjc
    # via pyobjc-framework-coreservices
pyobjc-framework-gamecenter==10.3.1 ; platform_release >= '12.0' and platform_system == 'Darwin'
    # via pyobjc
pyobjc-framework-gamecontroller==10.3.1 ; platform_release >= '13.0' and platform_system == 'Darwin'
    # via pyobjc
pyobjc-framework-gamekit==10.3.1 ; platform_release >= '12.0' and platform_system == 'Darwin'
    # via pyobjc
pyobjc-framework-gameplaykit==10.3.1 ; platform_release >= '15.0' and platform_system == 'Darwin'
    # via pyobjc
pyobjc-framework-healthkit==10.3.1 ; platform_release >= '22.0' and platform_system == 'Darwin'
    # via pyobjc
pyobjc-framework-imagecapturecore==10.3.1 ; platform_release >= '10.0' and platform_system == 'Darwin'
    # via pyobjc
pyobjc-framework-inputmethodkit==10.3.1 ; platform_release >= '9.0' and platform_system == 'Darwin'
    # via pyobjc
pyobjc-framework-installerplugins==10.3.1 ; platform_system == 'Darwin'
    # via pyobjc
pyobjc-framework-instantmessage==10.3.1 ; platform_release >= '9.0' and platform_system == 'Darwin'
    # via pyobjc
pyobjc-framework-intents==10.3.1 ; platform_release >= '16.0' and platform_system == 'Darwin'
    # via pyobjc
    # via pyobjc-framework-intentsui
pyobjc-framework-intentsui==10.3.1 ; platform_release >= '21.0' and platform_system == 'Darwin'
    # via pyobjc
pyobjc-framework-iobluetooth==10.3.1 ; platform_system == 'Darwin'
    # via pyobjc
    # via pyobjc-framework-iobluetoothui
pyobjc-framework-iobluetoothui==10.3.1 ; platform_system == 'Darwin'
    # via pyobjc
pyobjc-framework-iosurface==10.3.1 ; platform_release >= '10.0' and platform_system == 'Darwin'
    # via pyobjc
pyobjc-framework-ituneslibrary==10.3.1 ; platform_release >= '10.0' and platform_system == 'Darwin'
    # via pyobjc
pyobjc-framework-kernelmanagement==10.3.1 ; platform_release >= '20.0' and platform_system == 'Darwin'
    # via pyobjc
pyobjc-framework-latentsemanticmapping==10.3.1 ; platform_system == 'Darwin'
    # via pyobjc
pyobjc-framework-launchservices==10.3.1 ; platform_system == 'Darwin'
    # via pyobjc
pyobjc-framework-libdispatch==10.3.1 ; platform_release >= '12.0' and platform_system == 'Darwin'
    # via pyobjc
pyobjc-framework-libxpc==10.3.1 ; platform_release >= '12.0' and platform_system == 'Darwin'
    # via pyobjc
pyobjc-framework-linkpresentation==10.3.1 ; platform_release >= '19.0' and platform_system == 'Darwin'
    # via pyobjc
pyobjc-framework-localauthentication==10.3.1 ; platform_release >= '14.0' and platform_system == 'Darwin'
    # via pyobjc
    # via pyobjc-framework-localauthenticationembeddedui
pyobjc-framework-localauthenticationembeddedui==10.3.1 ; platform_release >= '21.0' and platform_system == 'Darwin'
    # via pyobjc
pyobjc-framework-mailkit==10.3.1 ; platform_release >= '21.0' and platform_system == 'Darwin'
    # via pyobjc
pyobjc-framework-mapkit==10.3.1 ; platform_release >= '13.0' and platform_system == 'Darwin'
    # via pyobjc
pyobjc-framework-mediaaccessibility==10.3.1 ; platform_release >= '13.0' and platform_system == 'Darwin'
    # via pyobjc
pyobjc-framework-medialibrary==10.3.1 ; platform_release >= '13.0' and platform_system == 'Darwin'
    # via pyobjc
pyobjc-framework-mediaplayer==10.3.1 ; platform_release >= '16.0' and platform_system == 'Darwin'
    # via pyobjc
pyobjc-framework-mediatoolbox==10.3.1 ; platform_release >= '13.0' and platform_system == 'Darwin'
    # via pyobjc
pyobjc-framework-metal==10.3.1 ; platform_release >= '15.0' and platform_system == 'Darwin'
    # via pyobjc
    # via pyobjc-framework-cinematic
    # via pyobjc-framework-metalfx
    # via pyobjc-framework-metalkit
    # via pyobjc-framework-metalperformanceshaders
pyobjc-framework-metalfx==10.3.1 ; platform_release >= '22.0' and platform_system == 'Darwin'
    # via pyobjc
pyobjc-framework-metalkit==10.3.1 ; platform_release >= '15.0' and platform_system == 'Darwin'
    # via pyobjc
pyobjc-framework-metalperformanceshaders==10.3.1 ; platform_release >= '17.0' and platform_system == 'Darwin'
    # via pyobjc
    # via pyobjc-framework-metalperformanceshadersgraph
pyobjc-framework-metalperformanceshadersgraph==10.3.1 ; platform_release >= '20.0' and platform_system == 'Darwin'
    # via pyobjc
pyobjc-framework-metrickit==10.3.1 ; platform_release >= '21.0' and platform_system == 'Darwin'
    # via pyobjc
pyobjc-framework-mlcompute==10.3.1 ; platform_release >= '20.0' and platform_system == 'Darwin'
    # via pyobjc
pyobjc-framework-modelio==10.3.1 ; platform_release >= '15.0' and platform_system == 'Darwin'
    # via pyobjc
pyobjc-framework-multipeerconnectivity==10.3.1 ; platform_release >= '14.0' and platform_system == 'Darwin'
    # via pyobjc
pyobjc-framework-naturallanguage==10.3.1 ; platform_release >= '18.0' and platform_system == 'Darwin'
    # via pyobjc
pyobjc-framework-netfs==10.3.1 ; platform_release >= '10.0' and platform_system == 'Darwin'
    # via pyobjc
pyobjc-framework-network==10.3.1 ; platform_release >= '18.0' and platform_system == 'Darwin'
    # via pyobjc
pyobjc-framework-networkextension==10.3.1 ; platform_release >= '15.0' and platform_system == 'Darwin'
    # via pyobjc
pyobjc-framework-notificationcenter==10.3.1 ; platform_release >= '14.0' and platform_system == 'Darwin'
    # via pyobjc
pyobjc-framework-opendirectory==10.3.1 ; platform_release >= '10.0' and platform_system == 'Darwin'
    # via pyobjc
pyobjc-framework-osakit==10.3.1 ; platform_system == 'Darwin'
    # via pyobjc
pyobjc-framework-oslog==10.3.1 ; platform_release >= '19.0' and platform_system == 'Darwin'
    # via pyobjc
pyobjc-framework-passkit==10.3.1 ; platform_release >= '20.0' and platform_system == 'Darwin'
    # via pyobjc
pyobjc-framework-pencilkit==10.3.1 ; platform_release >= '19.0' and platform_system == 'Darwin'
    # via pyobjc
pyobjc-framework-phase==10.3.1 ; platform_release >= '21.0' and platform_system == 'Darwin'
    # via pyobjc
pyobjc-framework-photos==10.3.1 ; platform_release >= '15.0' and platform_system == 'Darwin'
    # via pyobjc
pyobjc-framework-photosui==10.3.1 ; platform_release >= '15.0' and platform_system == 'Darwin'
    # via pyobjc
pyobjc-framework-preferencepanes==10.3.1 ; platform_system == 'Darwin'
    # via pyobjc
pyobjc-framework-pushkit==10.3.1 ; platform_release >= '19.0' and platform_system == 'Darwin'
    # via pyobjc
pyobjc-framework-quartz==10.3.1 ; platform_system == 'Darwin'
    # via pyobjc
    # via pyobjc-framework-accessibility
    # via pyobjc-framework-applicationservices
    # via pyobjc-framework-avfoundation
    # via pyobjc-framework-avkit
    # via pyobjc-framework-browserenginekit
    # via pyobjc-framework-coretext
    # via pyobjc-framework-gamekit
    # via pyobjc-framework-instantmessage
    # via pyobjc-framework-linkpresentation
    # via pyobjc-framework-mapkit
    # via pyobjc-framework-medialibrary
    # via pyobjc-framework-modelio
    # via pyobjc-framework-oslog
    # via pyobjc-framework-quicklookthumbnailing
    # via pyobjc-framework-safetykit
    # via pyobjc-framework-scenekit
    # via pyobjc-framework-sensitivecontentanalysis
    # via pyobjc-framework-spritekit
    # via pyobjc-framework-videotoolbox
    # via pyobjc-framework-vision
pyobjc-framework-quicklookthumbnailing==10.3.1 ; platform_release >= '19.0' and platform_system == 'Darwin'
    # via pyobjc
pyobjc-framework-replaykit==10.3.1 ; platform_release >= '20.0' and platform_system == 'Darwin'
    # via pyobjc
pyobjc-framework-safariservices==10.3.1 ; platform_release >= '16.0' and platform_system == 'Darwin'
    # via pyobjc
pyobjc-framework-safetykit==10.3.1 ; platform_release >= '22.0' and platform_system == 'Darwin'
    # via pyobjc
pyobjc-framework-scenekit==10.3.1 ; platform_release >= '11.0' and platform_system == 'Darwin'
    # via pyobjc
pyobjc-framework-screencapturekit==10.3.1 ; platform_release >= '21.4' and platform_system == 'Darwin'
    # via pyobjc
pyobjc-framework-screensaver==10.3.1 ; platform_system == 'Darwin'
    # via pyobjc
pyobjc-framework-screentime==10.3.1 ; platform_release >= '20.0' and platform_system == 'Darwin'
    # via pyobjc
pyobjc-framework-scriptingbridge==10.3.1 ; platform_release >= '9.0' and platform_system == 'Darwin'
    # via pyobjc
pyobjc-framework-searchkit==10.3.1 ; platform_system == 'Darwin'
    # via pyobjc
pyobjc-framework-security==10.3.1 ; platform_system == 'Darwin'
    # via pyobjc
    # via pyobjc-framework-localauthentication
    # via pyobjc-framework-securityfoundation
    # via pyobjc-framework-securityinterface
pyobjc-framework-securityfoundation==10.3.1 ; platform_system == 'Darwin'
    # via pyobjc
pyobjc-framework-securityinterface==10.3.1 ; platform_system == 'Darwin'
    # via pyobjc
pyobjc-framework-sensitivecontentanalysis==10.3.1 ; platform_release >= '23.0' and platform_system == 'Darwin'
    # via pyobjc
pyobjc-framework-servicemanagement==10.3.1 ; platform_release >= '10.0' and platform_system == 'Darwin'
    # via pyobjc
pyobjc-framework-sharedwithyou==10.3.1 ; platform_release >= '22.0' and platform_system == 'Darwin'
    # via pyobjc
pyobjc-framework-sharedwithyoucore==10.3.1 ; platform_release >= '22.0' and platform_system == 'Darwin'
    # via pyobjc
    # via pyobjc-framework-sharedwithyou
pyobjc-framework-shazamkit==10.3.1 ; platform_release >= '21.0' and platform_system == 'Darwin'
    # via pyobjc
pyobjc-framework-social==10.3.1 ; platform_release >= '12.0' and platform_system == 'Darwin'
    # via pyobjc
pyobjc-framework-soundanalysis==10.3.1 ; platform_release >= '19.0' and platform_system == 'Darwin'
    # via pyobjc
pyobjc-framework-speech==10.3.1 ; platform_release >= '19.0' and platform_system == 'Darwin'
    # via pyobjc
pyobjc-framework-spritekit==10.3.1 ; platform_release >= '13.0' and platform_system == 'Darwin'
    # via pyobjc
    # via pyobjc-framework-gameplaykit
pyobjc-framework-storekit==10.3.1 ; platform_release >= '11.0' and platform_system == 'Darwin'
    # via pyobjc
pyobjc-framework-symbols==10.3.1 ; platform_release >= '23.0' and platform_system == 'Darwin'
    # via pyobjc
pyobjc-framework-syncservices==10.3.1 ; platform_system == 'Darwin'
    # via pyobjc
pyobjc-framework-systemconfiguration==10.3.1 ; platform_system == 'Darwin'
    # via pyobjc
pyobjc-framework-systemextensions==10.3.1 ; platform_release >= '19.0' and platform_system == 'Darwin'
    # via pyobjc
pyobjc-framework-threadnetwork==10.3.1 ; platform_release >= '22.0' and platform_system == 'Darwin'
    # via pyobjc
pyobjc-framework-uniformtypeidentifiers==10.3.1 ; platform_release >= '20.0' and platform_system == 'Darwin'
    # via pyobjc
pyobjc-framework-usernotifications==10.3.1 ; platform_release >= '18.0' and platform_system == 'Darwin'
    # via pyobjc
    # via pyobjc-framework-usernotificationsui
pyobjc-framework-usernotificationsui==10.3.1 ; platform_release >= '20.0' and platform_system == 'Darwin'
    # via pyobjc
pyobjc-framework-videosubscriberaccount==10.3.1 ; platform_release >= '18.0' and platform_system == 'Darwin'
    # via pyobjc
pyobjc-framework-videotoolbox==10.3.1 ; platform_release >= '12.0' and platform_system == 'Darwin'
    # via pyobjc
pyobjc-framework-virtualization==10.3.1 ; platform_release >= '20.0' and platform_system == 'Darwin'
    # via pyobjc
pyobjc-framework-vision==10.3.1 ; platform_release >= '17.0' and platform_system == 'Darwin'
    # via pyobjc
pyobjc-framework-webkit==10.3.1 ; platform_system == 'Darwin'
    # via pyobjc
pyside6==6.7.0
pyside6-addons==6.7.0
    # via pyside6
pyside6-essentials==6.7.0
    # via pyside6
    # via pyside6-addons
pysidesix-frameless-window==0.4.3
pywin32==306 ; platform_system == 'Windows'
    # via pysidesix-frameless-window
shiboken6==6.7.0
    # via pyside6
    # via pyside6-addons
    # via pyside6-essentials
typing-extensions==4.12.2
